// !$*UTF8*$!
{
	archiveVersion = 1;
	classes = {
	};
	objectVersion = 56;
	objects = {

/* Begin PBXBuildFile section */
		500EBF5E2A7837DA000B4839 /* FirebaseFirestore in Frameworks */ = {isa = PBXBuildFile; productRef = 500EBF5D2A7837DA000B4839 /* FirebaseFirestore */; };
		500EBF602A7837DA000B4839 /* FirebaseFirestoreSwift in Frameworks */ = {isa = PBXBuildFile; productRef = 500EBF5F2A7837DA000B4839 /* FirebaseFirestoreSwift */; };
		500EBF682A785793000B4839 /* EntryList.swift in Sources */ = {isa = PBXBuildFile; fileRef = 500EBF672A785793000B4839 /* EntryList.swift */; };
		500EBF6B2A78CFD7000B4839 /* Charts in Frameworks */ = {isa = PBXBuildFile; productRef = 500EBF6A2A78CFD7000B4839 /* Charts */; };
		50104CBD2A743F3F006D571B /* EntryRow.swift in Sources */ = {isa = PBXBuildFile; fileRef = 50104CBC2A743F3F006D571B /* EntryRow.swift */; };
		50104CBF2A744184006D571B /* SleepEntriesView.swift in Sources */ = {isa = PBXBuildFile; fileRef = 50104CBE2A744184006D571B /* SleepEntriesView.swift */; };
		50104CC12A746778006D571B /* SleepListHeader.swift in Sources */ = {isa = PBXBuildFile; fileRef = 50104CC02A746778006D571B /* SleepListHeader.swift */; };
		50104CC32A74749F006D571B /* EntryFormView.swift in Sources */ = {isa = PBXBuildFile; fileRef = 50104CC22A74749F006D571B /* EntryFormView.swift */; };
		50104CC52A747B4B006D571B /* SleepTimeCalculation.swift in Sources */ = {isa = PBXBuildFile; fileRef = 50104CC42A747B4B006D571B /* SleepTimeCalculation.swift */; };
		5022A8B42A7C0612009A6467 /* GoogleService-Info.plist in Resources */ = {isa = PBXBuildFile; fileRef = 5022A8B32A7C0612009A6467 /* GoogleService-Info.plist */; };
		503BC5D02A73106C002D8C33 /* EntryForm.swift in Sources */ = {isa = PBXBuildFile; fileRef = 503BC5CF2A73106C002D8C33 /* EntryForm.swift */; };
		503BC5D22A731F21002D8C33 /* TimeQuery.swift in Sources */ = {isa = PBXBuildFile; fileRef = 503BC5D12A731F21002D8C33 /* TimeQuery.swift */; };
		503BC5D42A732577002D8C33 /* HomeHeader.swift in Sources */ = {isa = PBXBuildFile; fileRef = 503BC5D32A732577002D8C33 /* HomeHeader.swift */; };
		503BC5D62A735FFB002D8C33 /* SleepTimesView.swift in Sources */ = {isa = PBXBuildFile; fileRef = 503BC5D52A735FFB002D8C33 /* SleepTimesView.swift */; };
		503BC5D82A736171002D8C33 /* SleepTimeComp.swift in Sources */ = {isa = PBXBuildFile; fileRef = 503BC5D72A736171002D8C33 /* SleepTimeComp.swift */; };
		5075506A2A7089C100C1BB9D /* capstone_sleep_wellApp.swift in Sources */ = {isa = PBXBuildFile; fileRef = 507550692A7089C100C1BB9D /* capstone_sleep_wellApp.swift */; };
		5075506C2A7089C100C1BB9D /* ContentView.swift in Sources */ = {isa = PBXBuildFile; fileRef = 5075506B2A7089C100C1BB9D /* ContentView.swift */; };
		5075506E2A7089C400C1BB9D /* Assets.xcassets in Resources */ = {isa = PBXBuildFile; fileRef = 5075506D2A7089C400C1BB9D /* Assets.xcassets */; };
		507550712A7089C400C1BB9D /* Preview Assets.xcassets in Resources */ = {isa = PBXBuildFile; fileRef = 507550702A7089C400C1BB9D /* Preview Assets.xcassets */; };
		50937C382A8151B400F172F7 /* SleepTimes.swift in Sources */ = {isa = PBXBuildFile; fileRef = 50937C372A8151B400F172F7 /* SleepTimes.swift */; };
		50937C3A2A82BFEA00F172F7 /* TQ Backup.swift in Sources */ = {isa = PBXBuildFile; fileRef = 50937C392A82BFEA00F172F7 /* TQ Backup.swift */; };
		50BD0E1C2A7B667300202A86 /* Entry.swift in Sources */ = {isa = PBXBuildFile; fileRef = 50BD0E1B2A7B667300202A86 /* Entry.swift */; };
		50BD0E1E2A7B668600202A86 /* EntryManager.swift in Sources */ = {isa = PBXBuildFile; fileRef = 50BD0E1D2A7B668600202A86 /* EntryManager.swift */; };
/* End PBXBuildFile section */

/* Begin PBXFileReference section */
		500EBF672A785793000B4839 /* EntryList.swift */ = {isa = PBXFileReference; lastKnownFileType = sourcecode.swift; path = EntryList.swift; sourceTree = "<group>"; };
		50104CBC2A743F3F006D571B /* EntryRow.swift */ = {isa = PBXFileReference; lastKnownFileType = sourcecode.swift; path = EntryRow.swift; sourceTree = "<group>"; };
		50104CBE2A744184006D571B /* SleepEntriesView.swift */ = {isa = PBXFileReference; lastKnownFileType = sourcecode.swift; path = SleepEntriesView.swift; sourceTree = "<group>"; };
		50104CC02A746778006D571B /* SleepListHeader.swift */ = {isa = PBXFileReference; lastKnownFileType = sourcecode.swift; path = SleepListHeader.swift; sourceTree = "<group>"; };
		50104CC22A74749F006D571B /* EntryFormView.swift */ = {isa = PBXFileReference; lastKnownFileType = sourcecode.swift; path = EntryFormView.swift; sourceTree = "<group>"; };
		50104CC42A747B4B006D571B /* SleepTimeCalculation.swift */ = {isa = PBXFileReference; lastKnownFileType = sourcecode.swift; path = SleepTimeCalculation.swift; sourceTree = "<group>"; };
		5022A8B32A7C0612009A6467 /* GoogleService-Info.plist */ = {isa = PBXFileReference; fileEncoding = 4; lastKnownFileType = text.plist.xml; path = "GoogleService-Info.plist"; sourceTree = "<group>"; };
		503BC5CF2A73106C002D8C33 /* EntryForm.swift */ = {isa = PBXFileReference; lastKnownFileType = sourcecode.swift; path = EntryForm.swift; sourceTree = "<group>"; };
		503BC5D12A731F21002D8C33 /* TimeQuery.swift */ = {isa = PBXFileReference; lastKnownFileType = sourcecode.swift; path = TimeQuery.swift; sourceTree = "<group>"; };
		503BC5D32A732577002D8C33 /* HomeHeader.swift */ = {isa = PBXFileReference; lastKnownFileType = sourcecode.swift; path = HomeHeader.swift; sourceTree = "<group>"; };
		503BC5D52A735FFB002D8C33 /* SleepTimesView.swift */ = {isa = PBXFileReference; lastKnownFileType = sourcecode.swift; path = SleepTimesView.swift; sourceTree = "<group>"; };
		503BC5D72A736171002D8C33 /* SleepTimeComp.swift */ = {isa = PBXFileReference; lastKnownFileType = sourcecode.swift; path = SleepTimeComp.swift; sourceTree = "<group>"; };
		507550662A7089C100C1BB9D /* capstone-sleep-well.app */ = {isa = PBXFileReference; explicitFileType = wrapper.application; includeInIndex = 0; path = "capstone-sleep-well.app"; sourceTree = BUILT_PRODUCTS_DIR; };
		507550692A7089C100C1BB9D /* capstone_sleep_wellApp.swift */ = {isa = PBXFileReference; lastKnownFileType = sourcecode.swift; path = capstone_sleep_wellApp.swift; sourceTree = "<group>"; };
		5075506B2A7089C100C1BB9D /* ContentView.swift */ = {isa = PBXFileReference; lastKnownFileType = sourcecode.swift; path = ContentView.swift; sourceTree = "<group>"; };
		5075506D2A7089C400C1BB9D /* Assets.xcassets */ = {isa = PBXFileReference; lastKnownFileType = folder.assetcatalog; path = Assets.xcassets; sourceTree = "<group>"; };
		507550702A7089C400C1BB9D /* Preview Assets.xcassets */ = {isa = PBXFileReference; lastKnownFileType = folder.assetcatalog; path = "Preview Assets.xcassets"; sourceTree = "<group>"; };
		50937C372A8151B400F172F7 /* SleepTimes.swift */ = {isa = PBXFileReference; lastKnownFileType = sourcecode.swift; path = SleepTimes.swift; sourceTree = "<group>"; };
		50937C392A82BFEA00F172F7 /* TQ Backup.swift */ = {isa = PBXFileReference; lastKnownFileType = sourcecode.swift; path = "TQ Backup.swift"; sourceTree = "<group>"; };
		50BD0E1B2A7B667300202A86 /* Entry.swift */ = {isa = PBXFileReference; lastKnownFileType = sourcecode.swift; path = Entry.swift; sourceTree = "<group>"; };
		50BD0E1D2A7B668600202A86 /* EntryManager.swift */ = {isa = PBXFileReference; lastKnownFileType = sourcecode.swift; path = EntryManager.swift; sourceTree = "<group>"; };
/* End PBXFileReference section */

/* Begin PBXFrameworksBuildPhase section */
		507550632A7089C100C1BB9D /* Frameworks */ = {
			isa = PBXFrameworksBuildPhase;
			buildActionMask = 2147483647;
			files = (
				500EBF5E2A7837DA000B4839 /* FirebaseFirestore in Frameworks */,
				500EBF6B2A78CFD7000B4839 /* Charts in Frameworks */,
				500EBF602A7837DA000B4839 /* FirebaseFirestoreSwift in Frameworks */,
			);
			runOnlyForDeploymentPostprocessing = 0;
		};
/* End PBXFrameworksBuildPhase section */

/* Begin PBXGroup section */
		503BC5CA2A730562002D8C33 /* Components */ = {
			isa = PBXGroup;
			children = (
				503BC5D72A736171002D8C33 /* SleepTimeComp.swift */,
				503BC5CF2A73106C002D8C33 /* EntryForm.swift */,
				503BC5D12A731F21002D8C33 /* TimeQuery.swift */,
				503BC5D32A732577002D8C33 /* HomeHeader.swift */,
				50104CC02A746778006D571B /* SleepListHeader.swift */,
				50104CBC2A743F3F006D571B /* EntryRow.swift */,
				500EBF672A785793000B4839 /* EntryList.swift */,
				50937C372A8151B400F172F7 /* SleepTimes.swift */,
				50104CC42A747B4B006D571B /* SleepTimeCalculation.swift */,
				50937C392A82BFEA00F172F7 /* TQ Backup.swift */,
			);
			path = Components;
			sourceTree = "<group>";
		};
		5075505D2A7089C100C1BB9D = {
			isa = PBXGroup;
			children = (
				507550682A7089C100C1BB9D /* capstone-sleep-well */,
				507550672A7089C100C1BB9D /* Products */,
			);
			sourceTree = "<group>";
		};
		507550672A7089C100C1BB9D /* Products */ = {
			isa = PBXGroup;
			children = (
				507550662A7089C100C1BB9D /* capstone-sleep-well.app */,
			);
			name = Products;
			sourceTree = "<group>";
		};
		507550682A7089C100C1BB9D /* capstone-sleep-well */ = {
			isa = PBXGroup;
			children = (
				5022A8B32A7C0612009A6467 /* GoogleService-Info.plist */,
				50BD0E1A2A7B665800202A86 /* Networking */,
				50BD0E192A7B664E00202A86 /* Models */,
				503BC5CA2A730562002D8C33 /* Components */,
				507550692A7089C100C1BB9D /* capstone_sleep_wellApp.swift */,
				5075506B2A7089C100C1BB9D /* ContentView.swift */,
				50104CBE2A744184006D571B /* SleepEntriesView.swift */,
				503BC5D52A735FFB002D8C33 /* SleepTimesView.swift */,
				50104CC22A74749F006D571B /* EntryFormView.swift */,
				5075506D2A7089C400C1BB9D /* Assets.xcassets */,
				5075506F2A7089C400C1BB9D /* Preview Content */,
			);
			path = "capstone-sleep-well";
			sourceTree = "<group>";
		};
		5075506F2A7089C400C1BB9D /* Preview Content */ = {
			isa = PBXGroup;
			children = (
				507550702A7089C400C1BB9D /* Preview Assets.xcassets */,
			);
			path = "Preview Content";
			sourceTree = "<group>";
		};
		50BD0E192A7B664E00202A86 /* Models */ = {
			isa = PBXGroup;
			children = (
				50BD0E1B2A7B667300202A86 /* Entry.swift */,
			);
			path = Models;
			sourceTree = "<group>";
		};
		50BD0E1A2A7B665800202A86 /* Networking */ = {
			isa = PBXGroup;
			children = (
				50BD0E1D2A7B668600202A86 /* EntryManager.swift */,
			);
			path = Networking;
			sourceTree = "<group>";
		};
/* End PBXGroup section */

/* Begin PBXNativeTarget section */
		507550652A7089C100C1BB9D /* capstone-sleep-well */ = {
			isa = PBXNativeTarget;
			buildConfigurationList = 507550742A7089C400C1BB9D /* Build configuration list for PBXNativeTarget "capstone-sleep-well" */;
			buildPhases = (
				507550622A7089C100C1BB9D /* Sources */,
				507550632A7089C100C1BB9D /* Frameworks */,
				507550642A7089C100C1BB9D /* Resources */,
			);
			buildRules = (
			);
			dependencies = (
			);
			name = "capstone-sleep-well";
			packageProductDependencies = (
				500EBF5D2A7837DA000B4839 /* FirebaseFirestore */,
				500EBF5F2A7837DA000B4839 /* FirebaseFirestoreSwift */,
				500EBF6A2A78CFD7000B4839 /* Charts */,
			);
			productName = "capstone-sleep-well";
			productReference = 507550662A7089C100C1BB9D /* capstone-sleep-well.app */;
			productType = "com.apple.product-type.application";
		};
/* End PBXNativeTarget section */

/* Begin PBXProject section */
		5075505E2A7089C100C1BB9D /* Project object */ = {
			isa = PBXProject;
			attributes = {
				BuildIndependentTargetsInParallel = 1;
				LastSwiftUpdateCheck = 1430;
				LastUpgradeCheck = 1430;
				TargetAttributes = {
					507550652A7089C100C1BB9D = {
						CreatedOnToolsVersion = 14.3.1;
					};
				};
			};
			buildConfigurationList = 507550612A7089C100C1BB9D /* Build configuration list for PBXProject "capstone-sleep-well" */;
			compatibilityVersion = "Xcode 14.0";
			developmentRegion = en;
			hasScannedForEncodings = 0;
			knownRegions = (
				en,
				Base,
			);
			mainGroup = 5075505D2A7089C100C1BB9D;
			packageReferences = (
				500EBF5C2A7837DA000B4839 /* XCRemoteSwiftPackageReference "firebase-ios-sdk" */,
				500EBF692A78CFD7000B4839 /* XCRemoteSwiftPackageReference "swiftui-charts" */,
			);
			productRefGroup = 507550672A7089C100C1BB9D /* Products */;
			projectDirPath = "";
			projectRoot = "";
			targets = (
				507550652A7089C100C1BB9D /* capstone-sleep-well */,
			);
		};
/* End PBXProject section */

/* Begin PBXResourcesBuildPhase section */
		507550642A7089C100C1BB9D /* Resources */ = {
			isa = PBXResourcesBuildPhase;
			buildActionMask = 2147483647;
			files = (
				507550712A7089C400C1BB9D /* Preview Assets.xcassets in Resources */,
				5075506E2A7089C400C1BB9D /* Assets.xcassets in Resources */,
				5022A8B42A7C0612009A6467 /* GoogleService-Info.plist in Resources */,
			);
			runOnlyForDeploymentPostprocessing = 0;
		};
/* End PBXResourcesBuildPhase section */

/* Begin PBXSourcesBuildPhase section */
		507550622A7089C100C1BB9D /* Sources */ = {
			isa = PBXSourcesBuildPhase;
			buildActionMask = 2147483647;
			files = (
				50BD0E1C2A7B667300202A86 /* Entry.swift in Sources */,
				503BC5D62A735FFB002D8C33 /* SleepTimesView.swift in Sources */,
				50104CC52A747B4B006D571B /* SleepTimeCalculation.swift in Sources */,
				5075506C2A7089C100C1BB9D /* ContentView.swift in Sources */,
				50104CBF2A744184006D571B /* SleepEntriesView.swift in Sources */,
				503BC5D02A73106C002D8C33 /* EntryForm.swift in Sources */,
				50937C382A8151B400F172F7 /* SleepTimes.swift in Sources */,
				500EBF682A785793000B4839 /* EntryList.swift in Sources */,
				503BC5D82A736171002D8C33 /* SleepTimeComp.swift in Sources */,
				503BC5D42A732577002D8C33 /* HomeHeader.swift in Sources */,
				50937C3A2A82BFEA00F172F7 /* TQ Backup.swift in Sources */,
				50BD0E1E2A7B668600202A86 /* EntryManager.swift in Sources */,
				50104CC32A74749F006D571B /* EntryFormView.swift in Sources */,
				50104CC12A746778006D571B /* SleepListHeader.swift in Sources */,
				5075506A2A7089C100C1BB9D /* capstone_sleep_wellApp.swift in Sources */,
				503BC5D22A731F21002D8C33 /* TimeQuery.swift in Sources */,
				50104CBD2A743F3F006D571B /* EntryRow.swift in Sources */,
			);
			runOnlyForDeploymentPostprocessing = 0;
		};
/* End PBXSourcesBuildPhase section */

/* Begin XCBuildConfiguration section */
		507550722A7089C400C1BB9D /* Debug */ = {
			isa = XCBuildConfiguration;
			buildSettings = {
				ALWAYS_SEARCH_USER_PATHS = NO;
				CLANG_ANALYZER_NONNULL = YES;
				CLANG_ANALYZER_NUMBER_OBJECT_CONVERSION = YES_AGGRESSIVE;
				CLANG_CXX_LANGUAGE_STANDARD = "gnu++20";
				CLANG_ENABLE_MODULES = YES;
				CLANG_ENABLE_OBJC_ARC = YES;
				CLANG_ENABLE_OBJC_WEAK = YES;
				CLANG_WARN_BLOCK_CAPTURE_AUTORELEASING = YES;
				CLANG_WARN_BOOL_CONVERSION = YES;
				CLANG_WARN_COMMA = YES;
				CLANG_WARN_CONSTANT_CONVERSION = YES;
				CLANG_WARN_DEPRECATED_OBJC_IMPLEMENTATIONS = YES;
				CLANG_WARN_DIRECT_OBJC_ISA_USAGE = YES_ERROR;
				CLANG_WARN_DOCUMENTATION_COMMENTS = YES;
				CLANG_WARN_EMPTY_BODY = YES;
				CLANG_WARN_ENUM_CONVERSION = YES;
				CLANG_WARN_INFINITE_RECURSION = YES;
				CLANG_WARN_INT_CONVERSION = YES;
				CLANG_WARN_NON_LITERAL_NULL_CONVERSION = YES;
				CLANG_WARN_OBJC_IMPLICIT_RETAIN_SELF = YES;
				CLANG_WARN_OBJC_LITERAL_CONVERSION = YES;
				CLANG_WARN_OBJC_ROOT_CLASS = YES_ERROR;
				CLANG_WARN_QUOTED_INCLUDE_IN_FRAMEWORK_HEADER = YES;
				CLANG_WARN_RANGE_LOOP_ANALYSIS = YES;
				CLANG_WARN_STRICT_PROTOTYPES = YES;
				CLANG_WARN_SUSPICIOUS_MOVE = YES;
				CLANG_WARN_UNGUARDED_AVAILABILITY = YES_AGGRESSIVE;
				CLANG_WARN_UNREACHABLE_CODE = YES;
				CLANG_WARN__DUPLICATE_METHOD_MATCH = YES;
				COPY_PHASE_STRIP = NO;
				DEBUG_INFORMATION_FORMAT = dwarf;
				ENABLE_STRICT_OBJC_MSGSEND = YES;
				ENABLE_TESTABILITY = YES;
				GCC_C_LANGUAGE_STANDARD = gnu11;
				GCC_DYNAMIC_NO_PIC = NO;
				GCC_NO_COMMON_BLOCKS = YES;
				GCC_OPTIMIZATION_LEVEL = 0;
				GCC_PREPROCESSOR_DEFINITIONS = (
					"DEBUG=1",
					"$(inherited)",
				);
				GCC_WARN_64_TO_32_BIT_CONVERSION = YES;
				GCC_WARN_ABOUT_RETURN_TYPE = YES_ERROR;
				GCC_WARN_UNDECLARED_SELECTOR = YES;
				GCC_WARN_UNINITIALIZED_AUTOS = YES_AGGRESSIVE;
				GCC_WARN_UNUSED_FUNCTION = YES;
				GCC_WARN_UNUSED_VARIABLE = YES;
				IPHONEOS_DEPLOYMENT_TARGET = 16.4;
				MTL_ENABLE_DEBUG_INFO = INCLUDE_SOURCE;
				MTL_FAST_MATH = YES;
				ONLY_ACTIVE_ARCH = YES;
				SDKROOT = iphoneos;
				SWIFT_ACTIVE_COMPILATION_CONDITIONS = DEBUG;
				SWIFT_OPTIMIZATION_LEVEL = "-Onone";
			};
			name = Debug;
		};
		507550732A7089C400C1BB9D /* Release */ = {
			isa = XCBuildConfiguration;
			buildSettings = {
				ALWAYS_SEARCH_USER_PATHS = NO;
				CLANG_ANALYZER_NONNULL = YES;
				CLANG_ANALYZER_NUMBER_OBJECT_CONVERSION = YES_AGGRESSIVE;
				CLANG_CXX_LANGUAGE_STANDARD = "gnu++20";
				CLANG_ENABLE_MODULES = YES;
				CLANG_ENABLE_OBJC_ARC = YES;
				CLANG_ENABLE_OBJC_WEAK = YES;
				CLANG_WARN_BLOCK_CAPTURE_AUTORELEASING = YES;
				CLANG_WARN_BOOL_CONVERSION = YES;
				CLANG_WARN_COMMA = YES;
				CLANG_WARN_CONSTANT_CONVERSION = YES;
				CLANG_WARN_DEPRECATED_OBJC_IMPLEMENTATIONS = YES;
				CLANG_WARN_DIRECT_OBJC_ISA_USAGE = YES_ERROR;
				CLANG_WARN_DOCUMENTATION_COMMENTS = YES;
				CLANG_WARN_EMPTY_BODY = YES;
				CLANG_WARN_ENUM_CONVERSION = YES;
				CLANG_WARN_INFINITE_RECURSION = YES;
				CLANG_WARN_INT_CONVERSION = YES;
				CLANG_WARN_NON_LITERAL_NULL_CONVERSION = YES;
				CLANG_WARN_OBJC_IMPLICIT_RETAIN_SELF = YES;
				CLANG_WARN_OBJC_LITERAL_CONVERSION = YES;
				CLANG_WARN_OBJC_ROOT_CLASS = YES_ERROR;
				CLANG_WARN_QUOTED_INCLUDE_IN_FRAMEWORK_HEADER = YES;
				CLANG_WARN_RANGE_LOOP_ANALYSIS = YES;
				CLANG_WARN_STRICT_PROTOTYPES = YES;
				CLANG_WARN_SUSPICIOUS_MOVE = YES;
				CLANG_WARN_UNGUARDED_AVAILABILITY = YES_AGGRESSIVE;
				CLANG_WARN_UNREACHABLE_CODE = YES;
				CLANG_WARN__DUPLICATE_METHOD_MATCH = YES;
				COPY_PHASE_STRIP = NO;
				DEBUG_INFORMATION_FORMAT = "dwarf-with-dsym";
				ENABLE_NS_ASSERTIONS = NO;
				ENABLE_STRICT_OBJC_MSGSEND = YES;
				GCC_C_LANGUAGE_STANDARD = gnu11;
				GCC_NO_COMMON_BLOCKS = YES;
				GCC_WARN_64_TO_32_BIT_CONVERSION = YES;
				GCC_WARN_ABOUT_RETURN_TYPE = YES_ERROR;
				GCC_WARN_UNDECLARED_SELECTOR = YES;
				GCC_WARN_UNINITIALIZED_AUTOS = YES_AGGRESSIVE;
				GCC_WARN_UNUSED_FUNCTION = YES;
				GCC_WARN_UNUSED_VARIABLE = YES;
				IPHONEOS_DEPLOYMENT_TARGET = 16.4;
				MTL_ENABLE_DEBUG_INFO = NO;
				MTL_FAST_MATH = YES;
				SDKROOT = iphoneos;
				SWIFT_COMPILATION_MODE = wholemodule;
				SWIFT_OPTIMIZATION_LEVEL = "-O";
				VALIDATE_PRODUCT = YES;
			};
			name = Release;
		};
		507550752A7089C400C1BB9D /* Debug */ = {
			isa = XCBuildConfiguration;
			buildSettings = {
				ASSETCATALOG_COMPILER_APPICON_NAME = AppIcon;
				ASSETCATALOG_COMPILER_GLOBAL_ACCENT_COLOR_NAME = AccentColor;
				CODE_SIGN_STYLE = Automatic;
				CURRENT_PROJECT_VERSION = 1;
				DEVELOPMENT_ASSET_PATHS = "\"capstone-sleep-well/Preview Content\"";
				DEVELOPMENT_TEAM = VXFRH2FNXY;
				ENABLE_PREVIEWS = YES;
				GENERATE_INFOPLIST_FILE = YES;
				INFOPLIST_KEY_UIApplicationSceneManifest_Generation = YES;
				INFOPLIST_KEY_UIApplicationSupportsIndirectInputEvents = YES;
				INFOPLIST_KEY_UILaunchScreen_Generation = YES;
				INFOPLIST_KEY_UISupportedInterfaceOrientations_iPad = "UIInterfaceOrientationPortrait UIInterfaceOrientationPortraitUpsideDown UIInterfaceOrientationLandscapeLeft UIInterfaceOrientationLandscapeRight";
				INFOPLIST_KEY_UISupportedInterfaceOrientations_iPhone = "UIInterfaceOrientationPortrait UIInterfaceOrientationLandscapeLeft UIInterfaceOrientationLandscapeRight";
				LD_RUNPATH_SEARCH_PATHS = (
					"$(inherited)",
					"@executable_path/Frameworks",
				);
				MARKETING_VERSION = 1.0;
				PRODUCT_BUNDLE_IDENTIFIER = "com.danicas.capstone-sleep-well";
				PRODUCT_NAME = "$(TARGET_NAME)";
				SWIFT_EMIT_LOC_STRINGS = YES;
				SWIFT_VERSION = 5.0;
				TARGETED_DEVICE_FAMILY = "1,2";
			};
			name = Debug;
		};
		507550762A7089C400C1BB9D /* Release */ = {
			isa = XCBuildConfiguration;
			buildSettings = {
				ASSETCATALOG_COMPILER_APPICON_NAME = AppIcon;
				ASSETCATALOG_COMPILER_GLOBAL_ACCENT_COLOR_NAME = AccentColor;
				CODE_SIGN_STYLE = Automatic;
				CURRENT_PROJECT_VERSION = 1;
				DEVELOPMENT_ASSET_PATHS = "\"capstone-sleep-well/Preview Content\"";
				DEVELOPMENT_TEAM = VXFRH2FNXY;
				ENABLE_PREVIEWS = YES;
				GENERATE_INFOPLIST_FILE = YES;
				INFOPLIST_KEY_UIApplicationSceneManifest_Generation = YES;
				INFOPLIST_KEY_UIApplicationSupportsIndirectInputEvents = YES;
				INFOPLIST_KEY_UILaunchScreen_Generation = YES;
				INFOPLIST_KEY_UISupportedInterfaceOrientations_iPad = "UIInterfaceOrientationPortrait UIInterfaceOrientationPortraitUpsideDown UIInterfaceOrientationLandscapeLeft UIInterfaceOrientationLandscapeRight";
				INFOPLIST_KEY_UISupportedInterfaceOrientations_iPhone = "UIInterfaceOrientationPortrait UIInterfaceOrientationLandscapeLeft UIInterfaceOrientationLandscapeRight";
				LD_RUNPATH_SEARCH_PATHS = (
					"$(inherited)",
					"@executable_path/Frameworks",
				);
				MARKETING_VERSION = 1.0;
				PRODUCT_BUNDLE_IDENTIFIER = "com.danicas.capstone-sleep-well";
				PRODUCT_NAME = "$(TARGET_NAME)";
				SWIFT_EMIT_LOC_STRINGS = YES;
				SWIFT_VERSION = 5.0;
				TARGETED_DEVICE_FAMILY = "1,2";
			};
			name = Release;
		};
/* End XCBuildConfiguration section */

/* Begin XCConfigurationList section */
		507550612A7089C100C1BB9D /* Build configuration list for PBXProject "capstone-sleep-well" */ = {
			isa = XCConfigurationList;
			buildConfigurations = (
				507550722A7089C400C1BB9D /* Debug */,
				507550732A7089C400C1BB9D /* Release */,
			);
			defaultConfigurationIsVisible = 0;
			defaultConfigurationName = Release;
		};
		507550742A7089C400C1BB9D /* Build configuration list for PBXNativeTarget "capstone-sleep-well" */ = {
			isa = XCConfigurationList;
			buildConfigurations = (
				507550752A7089C400C1BB9D /* Debug */,
				507550762A7089C400C1BB9D /* Release */,
			);
			defaultConfigurationIsVisible = 0;
			defaultConfigurationName = Release;
		};
/* End XCConfigurationList section */

/* Begin XCRemoteSwiftPackageReference section */
		500EBF5C2A7837DA000B4839 /* XCRemoteSwiftPackageReference "firebase-ios-sdk" */ = {
			isa = XCRemoteSwiftPackageReference;
			repositoryURL = "https://github.com/firebase/firebase-ios-sdk";
			requirement = {
				kind = upToNextMajorVersion;
				minimumVersion = 10.0.0;
			};
		};
		500EBF692A78CFD7000B4839 /* XCRemoteSwiftPackageReference "swiftui-charts" */ = {
			isa = XCRemoteSwiftPackageReference;
			repositoryURL = "https://github.com/spacenation/swiftui-charts.git";
			requirement = {
				kind = upToNextMajorVersion;
				minimumVersion = 1.0.0;
			};
		};
/* End XCRemoteSwiftPackageReference section */

/* Begin XCSwiftPackageProductDependency section */
		500EBF5D2A7837DA000B4839 /* FirebaseFirestore */ = {
			isa = XCSwiftPackageProductDependency;
			package = 500EBF5C2A7837DA000B4839 /* XCRemoteSwiftPackageReference "firebase-ios-sdk" */;
			productName = FirebaseFirestore;
		};
		500EBF5F2A7837DA000B4839 /* FirebaseFirestoreSwift */ = {
			isa = XCSwiftPackageProductDependency;
			package = 500EBF5C2A7837DA000B4839 /* XCRemoteSwiftPackageReference "firebase-ios-sdk" */;
			productName = FirebaseFirestoreSwift;
		};
		500EBF6A2A78CFD7000B4839 /* Charts */ = {
			isa = XCSwiftPackageProductDependency;
			package = 500EBF692A78CFD7000B4839 /* XCRemoteSwiftPackageReference "swiftui-charts" */;
			productName = Charts;
		};
/* End XCSwiftPackageProductDependency section */
	};
	rootObject = 5075505E2A7089C100C1BB9D /* Project object */;
}
